
Microsoft Visual Studio Solution File, Format Version 12.00
# Visual Studio 15
VisualStudioVersion = 15.0.28307.1259
MinimumVisualStudioVersion = 10.0.40219.1
Project("{FAE04EC0-301F-11D3-BF4B-00C04F79EFBC}") = "NotebookApp", "NotebookApp\NotebookApp.csproj", "{E9516D19-A55F-4A3D-AD6E-1071E7411833}"
EndProject
Project("{FAE04EC0-301F-11D3-BF4B-00C04F79EFBC}") = "NotebookAppTest", "NotebookAppTet\NotebookAppTest.csproj", "{2EDB19DC-6771-4298-9DF9-B19E4BFDE386}"
EndProject
Global
	GlobalSection(SolutionConfigurationPlatforms) = preSolution
		Debug|Any CPU = Debug|Any CPU
		Release|Any CPU = Release|Any CPU
	EndGlobalSection
	GlobalSection(ProjectConfigurationPlatforms) = postSolution
		{E9516D19-A55F-4A3D-AD6E-1071E7411833}.Debug|Any CPU.ActiveCfg = Debug|Any CPU
		{E9516D19-A55F-4A3D-AD6E-1071E7411833}.Debug|Any CPU.Build.0 = Debug|Any CPU
		{E9516D19-A55F-4A3D-AD6E-1071E7411833}.Release|Any CPU.ActiveCfg = Release|Any CPU
		{E9516D19-A55F-4A3D-AD6E-1071E7411833}.Release|Any CPU.Build.0 = Release|Any CPU
		{2EDB19DC-6771-4298-9DF9-B19E4BFDE386}.Debug|Any CPU.ActiveCfg = Debug|Any CPU
		{2EDB19DC-6771-4298-9DF9-B19E4BFDE386}.Debug|Any CPU.Build.0 = Debug|Any CPU
		{2EDB19DC-6771-4298-9DF9-B19E4BFDE386}.Release|Any CPU.ActiveCfg = Release|Any CPU
		{2EDB19DC-6771-4298-9DF9-B19E4BFDE386}.Release|Any CPU.Build.0 = Release|Any CPU
	EndGlobalSection
	GlobalSection(SolutionProperties) = preSolution
		HideSolutionNode = FALSE
	EndGlobalSection
	GlobalSection(ExtensibilityGlobals) = postSolution
		SolutionGuid = {7D98B51F-2313-4835-B800-4A331FF39363}
	EndGlobalSection
EndGlobal
